
Microsoft Visual Studio Solution File, Format Version 12.00
# Visual Studio Version 16
VisualStudioVersion = 25.0.1704.2
MinimumVisualStudioVersion = 10.0.40219.1
Project("{FAE04EC0-301F-11D3-BF4B-00C04F79EFBC}") = "UsersAPIService", "UsersAPIService\UsersAPIService.csproj", "{5FBB13F8-B1BD-4EBA-855D-2BAEFB7F7749}"
EndProject
Project("{FAE04EC0-301F-11D3-BF4B-00C04F79EFBC}") = "SOSRequestsAPIService", "SOSRequestsAPIService\SOSRequestsAPIService.csproj", "{3EB2D38C-F0CF-4353-AA3A-B6E01963CDC3}"
EndProject
Project("{FAE04EC0-301F-11D3-BF4B-00C04F79EFBC}") = "FIRAPIService", "FIRAPIService\FIRAPIService.csproj", "{A8781697-536E-4DCF-B2D6-A72859DAEB8D}"
EndProject
Project("{FAE04EC0-301F-11D3-BF4B-00C04F79EFBC}") = "SOSReqQueueAPIService", "SOSReqQueueAPIService\SOSReqQueueAPIService.csproj", "{DADBB79D-DFBD-466D-8E11-54A9760D7CC4}"
EndProject
Project("{FAE04EC0-301F-11D3-BF4B-00C04F79EFBC}") = "RabbitMQMicroService", "RabbitMQMicroService\RabbitMQMicroService.csproj", "{C3021284-B098-4828-88E0-28497B1C37CF}"
EndProject
Global
	GlobalSection(SolutionConfigurationPlatforms) = preSolution
		Debug|Any CPU = Debug|Any CPU
		Release|Any CPU = Release|Any CPU
	EndGlobalSection
	GlobalSection(ProjectConfigurationPlatforms) = postSolution
		{5FBB13F8-B1BD-4EBA-855D-2BAEFB7F7749}.Debug|Any CPU.ActiveCfg = Debug|Any CPU
		{5FBB13F8-B1BD-4EBA-855D-2BAEFB7F7749}.Debug|Any CPU.Build.0 = Debug|Any CPU
		{5FBB13F8-B1BD-4EBA-855D-2BAEFB7F7749}.Release|Any CPU.ActiveCfg = Release|Any CPU
		{5FBB13F8-B1BD-4EBA-855D-2BAEFB7F7749}.Release|Any CPU.Build.0 = Release|Any CPU
		{3EB2D38C-F0CF-4353-AA3A-B6E01963CDC3}.Debug|Any CPU.ActiveCfg = Debug|Any CPU
		{3EB2D38C-F0CF-4353-AA3A-B6E01963CDC3}.Debug|Any CPU.Build.0 = Debug|Any CPU
		{3EB2D38C-F0CF-4353-AA3A-B6E01963CDC3}.Release|Any CPU.ActiveCfg = Release|Any CPU
		{3EB2D38C-F0CF-4353-AA3A-B6E01963CDC3}.Release|Any CPU.Build.0 = Release|Any CPU
		{A8781697-536E-4DCF-B2D6-A72859DAEB8D}.Debug|Any CPU.ActiveCfg = Debug|Any CPU
		{A8781697-536E-4DCF-B2D6-A72859DAEB8D}.Debug|Any CPU.Build.0 = Debug|Any CPU
		{A8781697-536E-4DCF-B2D6-A72859DAEB8D}.Release|Any CPU.ActiveCfg = Release|Any CPU
		{A8781697-536E-4DCF-B2D6-A72859DAEB8D}.Release|Any CPU.Build.0 = Release|Any CPU
		{DADBB79D-DFBD-466D-8E11-54A9760D7CC4}.Debug|Any CPU.ActiveCfg = Debug|Any CPU
		{DADBB79D-DFBD-466D-8E11-54A9760D7CC4}.Debug|Any CPU.Build.0 = Debug|Any CPU
		{DADBB79D-DFBD-466D-8E11-54A9760D7CC4}.Release|Any CPU.ActiveCfg = Release|Any CPU
		{DADBB79D-DFBD-466D-8E11-54A9760D7CC4}.Release|Any CPU.Build.0 = Release|Any CPU
		{C3021284-B098-4828-88E0-28497B1C37CF}.Debug|Any CPU.ActiveCfg = Debug|Any CPU
		{C3021284-B098-4828-88E0-28497B1C37CF}.Debug|Any CPU.Build.0 = Debug|Any CPU
		{C3021284-B098-4828-88E0-28497B1C37CF}.Release|Any CPU.ActiveCfg = Release|Any CPU
		{C3021284-B098-4828-88E0-28497B1C37CF}.Release|Any CPU.Build.0 = Release|Any CPU
	EndGlobalSection
	GlobalSection(SolutionProperties) = preSolution
		HideSolutionNode = FALSE
	EndGlobalSection
	GlobalSection(ExtensibilityGlobals) = postSolution
		SolutionGuid = {DCFAB496-F808-4BBF-B7C4-E03A4FE83C24}
	EndGlobalSection
EndGlobal
